// !$*UTF8*$!
{
	archiveVersion = 1;
	classes = {
	};
	objectVersion = 50;
	objects = {

/* Begin PBXBuildFile section */
		B9E6277C25757AD9000419A7 /* UnitConverter2App.swift in Sources */ = {isa = PBXBuildFile; fileRef = B9E6277B25757AD9000419A7 /* UnitConverter2App.swift */; };
		B9E6278025757ADC000419A7 /* Assets.xcassets in Resources */ = {isa = PBXBuildFile; fileRef = B9E6277F25757ADC000419A7 /* Assets.xcassets */; };
		B9E6278325757ADC000419A7 /* Preview Assets.xcassets in Resources */ = {isa = PBXBuildFile; fileRef = B9E6278225757ADC000419A7 /* Preview Assets.xcassets */; };
		B9E627AA25757B4B000419A7 /* ConverterModel.swift in Sources */ = {isa = PBXBuildFile; fileRef = B9E627A925757B4B000419A7 /* ConverterModel.swift */; };
		B9E627AF25758A92000419A7 /* ViewModel.swift in Sources */ = {isa = PBXBuildFile; fileRef = B9E627AE25758A92000419A7 /* ViewModel.swift */; };
		C20DF080285CFE5C00BE9406 /* TypePickerView.swift in Sources */ = {isa = PBXBuildFile; fileRef = C20DF07F285CFE5C00BE9406 /* TypePickerView.swift */; };
		C20DF082285DF34400BE9406 /* InputView.swift in Sources */ = {isa = PBXBuildFile; fileRef = C20DF081285DF34400BE9406 /* InputView.swift */; };
		C20DF084285DF5A300BE9406 /* ResultView.swift in Sources */ = {isa = PBXBuildFile; fileRef = C20DF083285DF5A300BE9406 /* ResultView.swift */; };
		C20DF087285E0B3100BE9406 /* Double+Extensions.swift in Sources */ = {isa = PBXBuildFile; fileRef = C20DF086285E0B3100BE9406 /* Double+Extensions.swift */; };
		C20DF08A285F11B400BE9406 /* OperationType.swift in Sources */ = {isa = PBXBuildFile; fileRef = C20DF089285F11B400BE9406 /* OperationType.swift */; };
		C251278E25D29D4400F0B32B /* Exo2.ttf in Resources */ = {isa = PBXBuildFile; fileRef = C251278D25D29D4400F0B32B /* Exo2.ttf */; };
		C253775525E151E900B7C806 /* NetworkManager.swift in Sources */ = {isa = PBXBuildFile; fileRef = C253775425E151E900B7C806 /* NetworkManager.swift */; };
		C2935B3726AF42A800AA020B /* Localization.strings in Resources */ = {isa = PBXBuildFile; fileRef = C2935B3926AF42A800AA020B /* Localization.strings */; };
		C2935B4226B5C41100AA020B /* StringExtension.swift in Sources */ = {isa = PBXBuildFile; fileRef = C2935B4126B5C41100AA020B /* StringExtension.swift */; };
		C2BF23A12856543500F8EC83 /* MainView.swift in Sources */ = {isa = PBXBuildFile; fileRef = C2BF23A02856543500F8EC83 /* MainView.swift */; };
		C2BF23A32856562500F8EC83 /* CurrencyRatesResponse.swift in Sources */ = {isa = PBXBuildFile; fileRef = C2BF23A22856562500F8EC83 /* CurrencyRatesResponse.swift */; };
		C2BF23A52856568A00F8EC83 /* ValuePicker.swift in Sources */ = {isa = PBXBuildFile; fileRef = C2BF23A42856568A00F8EC83 /* ValuePicker.swift */; };
		C2EB62F228B17B6600E16048 /* Formatter+Extension.swift in Sources */ = {isa = PBXBuildFile; fileRef = C2EB62F128B17B6600E16048 /* Formatter+Extension.swift */; };
/* End PBXBuildFile section */

/* Begin PBXFileReference section */
		B9E6277825757AD9000419A7 /* UnitConverter2.app */ = {isa = PBXFileReference; explicitFileType = wrapper.application; includeInIndex = 0; path = UnitConverter2.app; sourceTree = BUILT_PRODUCTS_DIR; };
		B9E6277B25757AD9000419A7 /* UnitConverter2App.swift */ = {isa = PBXFileReference; lastKnownFileType = sourcecode.swift; path = UnitConverter2App.swift; sourceTree = "<group>"; };
		B9E6277F25757ADC000419A7 /* Assets.xcassets */ = {isa = PBXFileReference; lastKnownFileType = folder.assetcatalog; path = Assets.xcassets; sourceTree = "<group>"; };
		B9E6278225757ADC000419A7 /* Preview Assets.xcassets */ = {isa = PBXFileReference; lastKnownFileType = folder.assetcatalog; path = "Preview Assets.xcassets"; sourceTree = "<group>"; };
		B9E6278425757ADC000419A7 /* Info.plist */ = {isa = PBXFileReference; lastKnownFileType = text.plist.xml; path = Info.plist; sourceTree = "<group>"; };
		B9E6278D25757ADC000419A7 /* UnitConverter2Tests.swift */ = {isa = PBXFileReference; lastKnownFileType = sourcecode.swift; path = UnitConverter2Tests.swift; sourceTree = "<group>"; };
		B9E6278F25757ADC000419A7 /* Info.plist */ = {isa = PBXFileReference; lastKnownFileType = text.plist.xml; path = Info.plist; sourceTree = "<group>"; };
		B9E6279825757ADC000419A7 /* UnitConverter2UITests.swift */ = {isa = PBXFileReference; lastKnownFileType = sourcecode.swift; path = UnitConverter2UITests.swift; sourceTree = "<group>"; };
		B9E6279A25757ADC000419A7 /* Info.plist */ = {isa = PBXFileReference; lastKnownFileType = text.plist.xml; path = Info.plist; sourceTree = "<group>"; };
		B9E627A925757B4B000419A7 /* ConverterModel.swift */ = {isa = PBXFileReference; lastKnownFileType = sourcecode.swift; path = ConverterModel.swift; sourceTree = "<group>"; };
		B9E627AE25758A92000419A7 /* ViewModel.swift */ = {isa = PBXFileReference; lastKnownFileType = sourcecode.swift; path = ViewModel.swift; sourceTree = "<group>"; };
		C20DF07F285CFE5C00BE9406 /* TypePickerView.swift */ = {isa = PBXFileReference; lastKnownFileType = sourcecode.swift; path = TypePickerView.swift; sourceTree = "<group>"; };
		C20DF081285DF34400BE9406 /* InputView.swift */ = {isa = PBXFileReference; lastKnownFileType = sourcecode.swift; path = InputView.swift; sourceTree = "<group>"; };
		C20DF083285DF5A300BE9406 /* ResultView.swift */ = {isa = PBXFileReference; lastKnownFileType = sourcecode.swift; path = ResultView.swift; sourceTree = "<group>"; };
		C20DF086285E0B3100BE9406 /* Double+Extensions.swift */ = {isa = PBXFileReference; lastKnownFileType = sourcecode.swift; path = "Double+Extensions.swift"; sourceTree = "<group>"; };
		C20DF089285F11B400BE9406 /* OperationType.swift */ = {isa = PBXFileReference; lastKnownFileType = sourcecode.swift; path = OperationType.swift; sourceTree = "<group>"; };
		C251278D25D29D4400F0B32B /* Exo2.ttf */ = {isa = PBXFileReference; lastKnownFileType = file; path = Exo2.ttf; sourceTree = "<group>"; };
		C253775425E151E900B7C806 /* NetworkManager.swift */ = {isa = PBXFileReference; lastKnownFileType = sourcecode.swift; path = NetworkManager.swift; sourceTree = "<group>"; };
		C2935B3826AF42A800AA020B /* en */ = {isa = PBXFileReference; lastKnownFileType = text.plist.strings; name = en; path = en.lproj/Localization.strings; sourceTree = "<group>"; };
		C2935B3F26AF430500AA020B /* ru */ = {isa = PBXFileReference; lastKnownFileType = text.plist.strings; name = ru; path = ru.lproj/Localization.strings; sourceTree = "<group>"; };
		C2935B4126B5C41100AA020B /* StringExtension.swift */ = {isa = PBXFileReference; lastKnownFileType = sourcecode.swift; path = StringExtension.swift; sourceTree = "<group>"; };
		C2BF23A02856543500F8EC83 /* MainView.swift */ = {isa = PBXFileReference; lastKnownFileType = sourcecode.swift; path = MainView.swift; sourceTree = "<group>"; };
		C2BF23A22856562500F8EC83 /* CurrencyRatesResponse.swift */ = {isa = PBXFileReference; lastKnownFileType = sourcecode.swift; path = CurrencyRatesResponse.swift; sourceTree = "<group>"; };
		C2BF23A42856568A00F8EC83 /* ValuePicker.swift */ = {isa = PBXFileReference; lastKnownFileType = sourcecode.swift; path = ValuePicker.swift; sourceTree = "<group>"; };
		C2EB62F128B17B6600E16048 /* Formatter+Extension.swift */ = {isa = PBXFileReference; lastKnownFileType = sourcecode.swift; path = "Formatter+Extension.swift"; sourceTree = "<group>"; };
/* End PBXFileReference section */

/* Begin PBXFrameworksBuildPhase section */
		B9E6277525757AD9000419A7 /* Frameworks */ = {
			isa = PBXFrameworksBuildPhase;
			buildActionMask = 2147483647;
			files = (
			);
			runOnlyForDeploymentPostprocessing = 0;
		};
/* End PBXFrameworksBuildPhase section */

/* Begin PBXGroup section */
		B9E6276F25757AD9000419A7 = {
			isa = PBXGroup;
			children = (
				C2935B3926AF42A800AA020B /* Localization.strings */,
				B9E6277A25757AD9000419A7 /* UnitConverter2 */,
				C2935B4026B5C3E400AA020B /* Extensions */,
				B9E6278C25757ADC000419A7 /* UnitConverter2Tests */,
				B9E6279725757ADC000419A7 /* UnitConverter2UITests */,
				B9E6277925757AD9000419A7 /* Products */,
			);
			sourceTree = "<group>";
		};
		B9E6277925757AD9000419A7 /* Products */ = {
			isa = PBXGroup;
			children = (
				B9E6277825757AD9000419A7 /* UnitConverter2.app */,
			);
			name = Products;
			sourceTree = "<group>";
		};
		B9E6277A25757AD9000419A7 /* UnitConverter2 */ = {
			isa = PBXGroup;
			children = (
				C20DF088285F11A700BE9406 /* Enums */,
				C20DF085285E0B2200BE9406 /* Extensions */,
				B9E6277B25757AD9000419A7 /* UnitConverter2App.swift */,
				C2BF23A02856543500F8EC83 /* MainView.swift */,
				C2B2BC3D25BCAEE400AE48E1 /* Model */,
				C2B2BC3925BCAEC300AE48E1 /* Helpers Views */,
				C2B2BC4125BCAEEE00AE48E1 /* ViewModel */,
				B9E6277F25757ADC000419A7 /* Assets.xcassets */,
				C251278D25D29D4400F0B32B /* Exo2.ttf */,
				B9E6278425757ADC000419A7 /* Info.plist */,
				B9E6278125757ADC000419A7 /* Preview Content */,
			);
			path = UnitConverter2;
			sourceTree = "<group>";
		};
		B9E6278125757ADC000419A7 /* Preview Content */ = {
			isa = PBXGroup;
			children = (
				B9E6278225757ADC000419A7 /* Preview Assets.xcassets */,
			);
			path = "Preview Content";
			sourceTree = "<group>";
		};
		B9E6278C25757ADC000419A7 /* UnitConverter2Tests */ = {
			isa = PBXGroup;
			children = (
				B9E6278D25757ADC000419A7 /* UnitConverter2Tests.swift */,
				B9E6278F25757ADC000419A7 /* Info.plist */,
			);
			path = UnitConverter2Tests;
			sourceTree = "<group>";
		};
		B9E6279725757ADC000419A7 /* UnitConverter2UITests */ = {
			isa = PBXGroup;
			children = (
				B9E6279825757ADC000419A7 /* UnitConverter2UITests.swift */,
				B9E6279A25757ADC000419A7 /* Info.plist */,
			);
			path = UnitConverter2UITests;
			sourceTree = "<group>";
		};
		C20DF085285E0B2200BE9406 /* Extensions */ = {
			isa = PBXGroup;
			children = (
				C20DF086285E0B3100BE9406 /* Double+Extensions.swift */,
				C2EB62F128B17B6600E16048 /* Formatter+Extension.swift */,
			);
			path = Extensions;
			sourceTree = "<group>";
		};
		C20DF088285F11A700BE9406 /* Enums */ = {
			isa = PBXGroup;
			children = (
				C20DF089285F11B400BE9406 /* OperationType.swift */,
			);
			path = Enums;
			sourceTree = "<group>";
		};
		C2935B4026B5C3E400AA020B /* Extensions */ = {
			isa = PBXGroup;
			children = (
				C2935B4126B5C41100AA020B /* StringExtension.swift */,
			);
			path = Extensions;
			sourceTree = "<group>";
		};
		C2B2BC3925BCAEC300AE48E1 /* Helpers Views */ = {
			isa = PBXGroup;
			children = (
				C2BF23A42856568A00F8EC83 /* ValuePicker.swift */,
				C20DF07F285CFE5C00BE9406 /* TypePickerView.swift */,
				C20DF081285DF34400BE9406 /* InputView.swift */,
				C20DF083285DF5A300BE9406 /* ResultView.swift */,
			);
			path = "Helpers Views";
			sourceTree = "<group>";
		};
		C2B2BC3D25BCAEE400AE48E1 /* Model */ = {
			isa = PBXGroup;
			children = (
				B9E627A925757B4B000419A7 /* ConverterModel.swift */,
				C2BF23A22856562500F8EC83 /* CurrencyRatesResponse.swift */,
			);
			path = Model;
			sourceTree = "<group>";
		};
		C2B2BC4125BCAEEE00AE48E1 /* ViewModel */ = {
			isa = PBXGroup;
			children = (
				B9E627AE25758A92000419A7 /* ViewModel.swift */,
				C253775425E151E900B7C806 /* NetworkManager.swift */,
			);
			path = ViewModel;
			sourceTree = "<group>";
		};
/* End PBXGroup section */

/* Begin PBXNativeTarget section */
		B9E6277725757AD9000419A7 /* UnitConverter2 */ = {
			isa = PBXNativeTarget;
			buildConfigurationList = B9E6279D25757ADC000419A7 /* Build configuration list for PBXNativeTarget "UnitConverter2" */;
			buildPhases = (
				B9E6277425757AD9000419A7 /* Sources */,
				B9E6277525757AD9000419A7 /* Frameworks */,
				B9E6277625757AD9000419A7 /* Resources */,
			);
			buildRules = (
			);
			dependencies = (
			);
			name = UnitConverter2;
			packageProductDependencies = (
			);
			productName = UnitConverter2;
			productReference = B9E6277825757AD9000419A7 /* UnitConverter2.app */;
			productType = "com.apple.product-type.application";
		};
/* End PBXNativeTarget section */

/* Begin PBXProject section */
		B9E6277025757AD9000419A7 /* Project object */ = {
			isa = PBXProject;
			attributes = {
				LastSwiftUpdateCheck = 1220;
				LastUpgradeCheck = 1220;
				TargetAttributes = {
					B9E6277725757AD9000419A7 = {
						CreatedOnToolsVersion = 12.2;
					};
				};
			};
			buildConfigurationList = B9E6277325757AD9000419A7 /* Build configuration list for PBXProject "UnitConverter2" */;
			compatibilityVersion = "Xcode 9.3";
			developmentRegion = en;
			hasScannedForEncodings = 0;
			knownRegions = (
				en,
				Base,
				ru,
			);
			mainGroup = B9E6276F25757AD9000419A7;
			packageReferences = (
			);
			productRefGroup = B9E6277925757AD9000419A7 /* Products */;
			projectDirPath = "";
			projectRoot = "";
			targets = (
				B9E6277725757AD9000419A7 /* UnitConverter2 */,
			);
		};
/* End PBXProject section */

/* Begin PBXResourcesBuildPhase section */
		B9E6277625757AD9000419A7 /* Resources */ = {
			isa = PBXResourcesBuildPhase;
			buildActionMask = 2147483647;
			files = (
				B9E6278325757ADC000419A7 /* Preview Assets.xcassets in Resources */,
				C2935B3726AF42A800AA020B /* Localization.strings in Resources */,
				B9E6278025757ADC000419A7 /* Assets.xcassets in Resources */,
				C251278E25D29D4400F0B32B /* Exo2.ttf in Resources */,
			);
			runOnlyForDeploymentPostprocessing = 0;
		};
/* End PBXResourcesBuildPhase section */

/* Begin PBXSourcesBuildPhase section */
		B9E6277425757AD9000419A7 /* Sources */ = {
			isa = PBXSourcesBuildPhase;
			buildActionMask = 2147483647;
			files = (
				C2BF23A32856562500F8EC83 /* CurrencyRatesResponse.swift in Sources */,
				C20DF08A285F11B400BE9406 /* OperationType.swift in Sources */,
				C20DF082285DF34400BE9406 /* InputView.swift in Sources */,
				C20DF084285DF5A300BE9406 /* ResultView.swift in Sources */,
				C2EB62F228B17B6600E16048 /* Formatter+Extension.swift in Sources */,
				C2BF23A52856568A00F8EC83 /* ValuePicker.swift in Sources */,
				C20DF087285E0B3100BE9406 /* Double+Extensions.swift in Sources */,
				B9E627AA25757B4B000419A7 /* ConverterModel.swift in Sources */,
				C20DF080285CFE5C00BE9406 /* TypePickerView.swift in Sources */,
				C253775525E151E900B7C806 /* NetworkManager.swift in Sources */,
				C2BF23A12856543500F8EC83 /* MainView.swift in Sources */,
				B9E6277C25757AD9000419A7 /* UnitConverter2App.swift in Sources */,
				B9E627AF25758A92000419A7 /* ViewModel.swift in Sources */,
				C2935B4226B5C41100AA020B /* StringExtension.swift in Sources */,
			);
			runOnlyForDeploymentPostprocessing = 0;
		};
/* End PBXSourcesBuildPhase section */

/* Begin PBXVariantGroup section */
		C2935B3926AF42A800AA020B /* Localization.strings */ = {
			isa = PBXVariantGroup;
			children = (
				C2935B3826AF42A800AA020B /* en */,
				C2935B3F26AF430500AA020B /* ru */,
			);
			name = Localization.strings;
			sourceTree = "<group>";
		};
/* End PBXVariantGroup section */

/* Begin XCBuildConfiguration section */
		B9E6279B25757ADC000419A7 /* Debug */ = {
			isa = XCBuildConfiguration;
			buildSettings = {
				ALWAYS_SEARCH_USER_PATHS = NO;
				CLANG_ANALYZER_NONNULL = YES;
				CLANG_ANALYZER_NUMBER_OBJECT_CONVERSION = YES_AGGRESSIVE;
				CLANG_CXX_LANGUAGE_STANDARD = "gnu++14";
				CLANG_CXX_LIBRARY = "libc++";
				CLANG_ENABLE_MODULES = YES;
				CLANG_ENABLE_OBJC_ARC = YES;
				CLANG_ENABLE_OBJC_WEAK = YES;
				CLANG_WARN_BLOCK_CAPTURE_AUTORELEASING = YES;
				CLANG_WARN_BOOL_CONVERSION = YES;
				CLANG_WARN_COMMA = YES;
				CLANG_WARN_CONSTANT_CONVERSION = YES;
				CLANG_WARN_DEPRECATED_OBJC_IMPLEMENTATIONS = YES;
				CLANG_WARN_DIRECT_OBJC_ISA_USAGE = YES_ERROR;
				CLANG_WARN_DOCUMENTATION_COMMENTS = YES;
				CLANG_WARN_EMPTY_BODY = YES;
				CLANG_WARN_ENUM_CONVERSION = YES;
				CLANG_WARN_INFINITE_RECURSION = YES;
				CLANG_WARN_INT_CONVERSION = YES;
				CLANG_WARN_NON_LITERAL_NULL_CONVERSION = YES;
				CLANG_WARN_OBJC_IMPLICIT_RETAIN_SELF = YES;
				CLANG_WARN_OBJC_LITERAL_CONVERSION = YES;
				CLANG_WARN_OBJC_ROOT_CLASS = YES_ERROR;
				CLANG_WARN_QUOTED_INCLUDE_IN_FRAMEWORK_HEADER = YES;
				CLANG_WARN_RANGE_LOOP_ANALYSIS = YES;
				CLANG_WARN_STRICT_PROTOTYPES = YES;
				CLANG_WARN_SUSPICIOUS_MOVE = YES;
				CLANG_WARN_UNGUARDED_AVAILABILITY = YES_AGGRESSIVE;
				CLANG_WARN_UNREACHABLE_CODE = YES;
				CLANG_WARN__DUPLICATE_METHOD_MATCH = YES;
				COPY_PHASE_STRIP = NO;
				DEBUG_INFORMATION_FORMAT = dwarf;
				ENABLE_STRICT_OBJC_MSGSEND = YES;
				ENABLE_TESTABILITY = YES;
				GCC_C_LANGUAGE_STANDARD = gnu11;
				GCC_DYNAMIC_NO_PIC = NO;
				GCC_NO_COMMON_BLOCKS = YES;
				GCC_OPTIMIZATION_LEVEL = 0;
				GCC_PREPROCESSOR_DEFINITIONS = (
					"DEBUG=1",
					"$(inherited)",
				);
				GCC_WARN_64_TO_32_BIT_CONVERSION = YES;
				GCC_WARN_ABOUT_RETURN_TYPE = YES_ERROR;
				GCC_WARN_UNDECLARED_SELECTOR = YES;
				GCC_WARN_UNINITIALIZED_AUTOS = YES_AGGRESSIVE;
				GCC_WARN_UNUSED_FUNCTION = YES;
				GCC_WARN_UNUSED_VARIABLE = YES;
				IPHONEOS_DEPLOYMENT_TARGET = 15.0;
				MTL_ENABLE_DEBUG_INFO = INCLUDE_SOURCE;
				MTL_FAST_MATH = YES;
				ONLY_ACTIVE_ARCH = YES;
				SDKROOT = iphoneos;
				SWIFT_ACTIVE_COMPILATION_CONDITIONS = DEBUG;
				SWIFT_OPTIMIZATION_LEVEL = "-Onone";
			};
			name = Debug;
		};
		B9E6279C25757ADC000419A7 /* Release */ = {
			isa = XCBuildConfiguration;
			buildSettings = {
				ALWAYS_SEARCH_USER_PATHS = NO;
				CLANG_ANALYZER_NONNULL = YES;
				CLANG_ANALYZER_NUMBER_OBJECT_CONVERSION = YES_AGGRESSIVE;
				CLANG_CXX_LANGUAGE_STANDARD = "gnu++14";
				CLANG_CXX_LIBRARY = "libc++";
				CLANG_ENABLE_MODULES = YES;
				CLANG_ENABLE_OBJC_ARC = YES;
				CLANG_ENABLE_OBJC_WEAK = YES;
				CLANG_WARN_BLOCK_CAPTURE_AUTORELEASING = YES;
				CLANG_WARN_BOOL_CONVERSION = YES;
				CLANG_WARN_COMMA = YES;
				CLANG_WARN_CONSTANT_CONVERSION = YES;
				CLANG_WARN_DEPRECATED_OBJC_IMPLEMENTATIONS = YES;
				CLANG_WARN_DIRECT_OBJC_ISA_USAGE = YES_ERROR;
				CLANG_WARN_DOCUMENTATION_COMMENTS = YES;
				CLANG_WARN_EMPTY_BODY = YES;
				CLANG_WARN_ENUM_CONVERSION = YES;
				CLANG_WARN_INFINITE_RECURSION = YES;
				CLANG_WARN_INT_CONVERSION = YES;
				CLANG_WARN_NON_LITERAL_NULL_CONVERSION = YES;
				CLANG_WARN_OBJC_IMPLICIT_RETAIN_SELF = YES;
				CLANG_WARN_OBJC_LITERAL_CONVERSION = YES;
				CLANG_WARN_OBJC_ROOT_CLASS = YES_ERROR;
				CLANG_WARN_QUOTED_INCLUDE_IN_FRAMEWORK_HEADER = YES;
				CLANG_WARN_RANGE_LOOP_ANALYSIS = YES;
				CLANG_WARN_STRICT_PROTOTYPES = YES;
				CLANG_WARN_SUSPICIOUS_MOVE = YES;
				CLANG_WARN_UNGUARDED_AVAILABILITY = YES_AGGRESSIVE;
				CLANG_WARN_UNREACHABLE_CODE = YES;
				CLANG_WARN__DUPLICATE_METHOD_MATCH = YES;
				COPY_PHASE_STRIP = NO;
				DEBUG_INFORMATION_FORMAT = "dwarf-with-dsym";
				ENABLE_NS_ASSERTIONS = NO;
				ENABLE_STRICT_OBJC_MSGSEND = YES;
				GCC_C_LANGUAGE_STANDARD = gnu11;
				GCC_NO_COMMON_BLOCKS = YES;
				GCC_WARN_64_TO_32_BIT_CONVERSION = YES;
				GCC_WARN_ABOUT_RETURN_TYPE = YES_ERROR;
				GCC_WARN_UNDECLARED_SELECTOR = YES;
				GCC_WARN_UNINITIALIZED_AUTOS = YES_AGGRESSIVE;
				GCC_WARN_UNUSED_FUNCTION = YES;
				GCC_WARN_UNUSED_VARIABLE = YES;
				IPHONEOS_DEPLOYMENT_TARGET = 15.0;
				MTL_ENABLE_DEBUG_INFO = NO;
				MTL_FAST_MATH = YES;
				SDKROOT = iphoneos;
				SWIFT_COMPILATION_MODE = wholemodule;
				SWIFT_OPTIMIZATION_LEVEL = "-O";
				VALIDATE_PRODUCT = YES;
			};
			name = Release;
		};
		B9E6279E25757ADC000419A7 /* Debug */ = {
			isa = XCBuildConfiguration;
			buildSettings = {
				ASSETCATALOG_COMPILER_APPICON_NAME = AppIcon;
				ASSETCATALOG_COMPILER_GLOBAL_ACCENT_COLOR_NAME = primaryColor;
				ASSETCATALOG_COMPILER_INCLUDE_ALL_APPICON_ASSETS = YES;
				CODE_SIGN_STYLE = Automatic;
				CURRENT_PROJECT_VERSION = 1;
				DEVELOPMENT_ASSET_PATHS = "\"UnitConverter2/Preview Content\"";
				DEVELOPMENT_TEAM = QUXUWH42GX;
				ENABLE_PREVIEWS = YES;
				INFOPLIST_FILE = UnitConverter2/Info.plist;
				IPHONEOS_DEPLOYMENT_TARGET = 15.0;
				LD_RUNPATH_SEARCH_PATHS = (
					"$(inherited)",
					"@executable_path/Frameworks",
				);
				MARKETING_VERSION = 1.32;
				PRODUCT_BUNDLE_IDENTIFIER = photo.basin.UnitConverter2;
				PRODUCT_NAME = "$(TARGET_NAME)";
				SWIFT_VERSION = 5.0;
				TARGETED_DEVICE_FAMILY = 1;
			};
			name = Debug;
		};
		B9E6279F25757ADC000419A7 /* Release */ = {
			isa = XCBuildConfiguration;
			buildSettings = {
				ASSETCATALOG_COMPILER_APPICON_NAME = AppIcon;
				ASSETCATALOG_COMPILER_GLOBAL_ACCENT_COLOR_NAME = primaryColor;
				ASSETCATALOG_COMPILER_INCLUDE_ALL_APPICON_ASSETS = YES;
				CODE_SIGN_STYLE = Automatic;
				CURRENT_PROJECT_VERSION = 1;
				DEVELOPMENT_ASSET_PATHS = "\"UnitConverter2/Preview Content\"";
				DEVELOPMENT_TEAM = QUXUWH42GX;
				ENABLE_PREVIEWS = YES;
				INFOPLIST_FILE = UnitConverter2/Info.plist;
				IPHONEOS_DEPLOYMENT_TARGET = 15.0;
				LD_RUNPATH_SEARCH_PATHS = (
					"$(inherited)",
					"@executable_path/Frameworks",
				);
				MARKETING_VERSION = 1.32;
				PRODUCT_BUNDLE_IDENTIFIER = photo.basin.UnitConverter2;
				PRODUCT_NAME = "$(TARGET_NAME)";
				SWIFT_VERSION = 5.0;
				TARGETED_DEVICE_FAMILY = 1;
			};
			name = Release;
		};
/* End XCBuildConfiguration section */

/* Begin XCConfigurationList section */
		B9E6277325757AD9000419A7 /* Build configuration list for PBXProject "UnitConverter2" */ = {
			isa = XCConfigurationList;
			buildConfigurations = (
				B9E6279B25757ADC000419A7 /* Debug */,
				B9E6279C25757ADC000419A7 /* Release */,
			);
			defaultConfigurationIsVisible = 0;
			defaultConfigurationName = Release;
		};
		B9E6279D25757ADC000419A7 /* Build configuration list for PBXNativeTarget "UnitConverter2" */ = {
			isa = XCConfigurationList;
			buildConfigurations = (
				B9E6279E25757ADC000419A7 /* Debug */,
				B9E6279F25757ADC000419A7 /* Release */,
			);
			defaultConfigurationIsVisible = 0;
			defaultConfigurationName = Release;
		};
/* End XCConfigurationList section */
	};
	rootObject = B9E6277025757AD9000419A7 /* Project object */;
}
